
Microsoft Visual Studio Solution File, Format Version 12.00
# Visual Studio Version 17
VisualStudioVersion = 17.8.34322.80
MinimumVisualStudioVersion = 10.0.40219.1
Project("{FAE04EC0-301F-11D3-BF4B-00C04F79EFBC}") = "4. Data types", "4. Data types.csproj", "{1130D617-CC2A-4497-81B6-5FE72D1CB007}"
EndProject
Global
	GlobalSection(SolutionConfigurationPlatforms) = preSolution
		Debug|Any CPU = Debug|Any CPU
		Release|Any CPU = Release|Any CPU
	EndGlobalSection
	GlobalSection(ProjectConfigurationPlatforms) = postSolution
		{1130D617-CC2A-4497-81B6-5FE72D1CB007}.Debug|Any CPU.ActiveCfg = Debug|Any CPU
		{1130D617-CC2A-4497-81B6-5FE72D1CB007}.Debug|Any CPU.Build.0 = Debug|Any CPU
		{1130D617-CC2A-4497-81B6-5FE72D1CB007}.Release|Any CPU.ActiveCfg = Release|Any CPU
		{1130D617-CC2A-4497-81B6-5FE72D1CB007}.Release|Any CPU.Build.0 = Release|Any CPU
	EndGlobalSection
	GlobalSection(SolutionProperties) = preSolution
		HideSolutionNode = FALSE
	EndGlobalSection
	GlobalSection(ExtensibilityGlobals) = postSolution
		SolutionGuid = {0758FA25-D675-4567-928F-74998F8EAD46}
	EndGlobalSection
EndGlobal
